
Microsoft Visual Studio Solution File, Format Version 12.00
# Visual Studio 15
VisualStudioVersion = 15.0.28307.168
MinimumVisualStudioVersion = 10.0.40219.1
Project("{FAE04EC0-301F-11D3-BF4B-00C04F79EFBC}") = "Ahbc.Class.Fifty.Cmd", "Ahbc.Class.Fifty.Cmd\Ahbc.Class.Fifty.Cmd.csproj", "{ED23F8B2-0851-4034-B83B-6E2480DBB718}"
EndProject
Global
	GlobalSection(SolutionConfigurationPlatforms) = preSolution
		Debug|Any CPU = Debug|Any CPU
		Release|Any CPU = Release|Any CPU
	EndGlobalSection
	GlobalSection(ProjectConfigurationPlatforms) = postSolution
		{ED23F8B2-0851-4034-B83B-6E2480DBB718}.Debug|Any CPU.ActiveCfg = Debug|Any CPU
		{ED23F8B2-0851-4034-B83B-6E2480DBB718}.Debug|Any CPU.Build.0 = Debug|Any CPU
		{ED23F8B2-0851-4034-B83B-6E2480DBB718}.Release|Any CPU.ActiveCfg = Release|Any CPU
		{ED23F8B2-0851-4034-B83B-6E2480DBB718}.Release|Any CPU.Build.0 = Release|Any CPU
	EndGlobalSection
	GlobalSection(SolutionProperties) = preSolution
		HideSolutionNode = FALSE
	EndGlobalSection
	GlobalSection(ExtensibilityGlobals) = postSolution
		SolutionGuid = {EA9F4D54-1312-42ED-AD63-65AA889AD8B0}
	EndGlobalSection
EndGlobal
